
Microsoft Visual Studio Solution File, Format Version 12.00
# Visual Studio Version 17
VisualStudioVersion = 17.11.35312.102
MinimumVisualStudioVersion = 10.0.40219.1
Project("{FAE04EC0-301F-11D3-BF4B-00C04F79EFBC}") = "Taschenrechner", "Taschenrechner\Taschenrechner.csproj", "{A2495A66-73E0-4404-9DF2-2FA0A62C0748}"
EndProject
Global
	GlobalSection(SolutionConfigurationPlatforms) = preSolution
		Debug|Any CPU = Debug|Any CPU
		Release|Any CPU = Release|Any CPU
	EndGlobalSection
	GlobalSection(ProjectConfigurationPlatforms) = postSolution
		{A2495A66-73E0-4404-9DF2-2FA0A62C0748}.Debug|Any CPU.ActiveCfg = Debug|Any CPU
		{A2495A66-73E0-4404-9DF2-2FA0A62C0748}.Debug|Any CPU.Build.0 = Debug|Any CPU
		{A2495A66-73E0-4404-9DF2-2FA0A62C0748}.Release|Any CPU.ActiveCfg = Release|Any CPU
		{A2495A66-73E0-4404-9DF2-2FA0A62C0748}.Release|Any CPU.Build.0 = Release|Any CPU
	EndGlobalSection
	GlobalSection(SolutionProperties) = preSolution
		HideSolutionNode = FALSE
	EndGlobalSection
	GlobalSection(ExtensibilityGlobals) = postSolution
		SolutionGuid = {2D7C75F0-849E-450B-84C6-79F4CAA2045F}
	EndGlobalSection
EndGlobal
